# generated by rye
# use `rye lock` or `rye sync` to update this lockfile
#
# last locked with the following flags:
#   pre: false
#   features: []
#   all-features: false
#   with-sources: false
#   generate-hashes: false

-e file:.
asgiref==3.8.1
    # via django
    # via strawberry-graphql-django
django==5.0.6
    # via home
    # via strawberry-graphql-django
graphql-core==3.2.3
    # via strawberry-graphql
pillow==10.4.0
    # via home
psycopg==3.2.1
    # via home
psycopg-binary==3.2.1
    # via psycopg
python-dateutil==2.9.0.post0
    # via strawberry-graphql
six==1.16.0
    # via python-dateutil
sqlparse==0.5.0
    # via django
strawberry-graphql==0.235.1
    # via strawberry-graphql-django
strawberry-graphql-django==0.46.1
    # via home
typing-extensions==4.12.2
    # via psycopg
    # via strawberry-graphql
tzdata==2024.1
    # via django
    # via psycopg
